
Microsoft Visual Studio Solution File, Format Version 12.00
# Visual Studio Version 16
VisualStudioVersion = 16.0.29709.97
MinimumVisualStudioVersion = 10.0.40219.1
Project("{FAE04EC0-301F-11D3-BF4B-00C04F79EFBC}") = "BlockChainUI", "BlockChainUI\BlockChainUI.csproj", "{5A292FC9-F924-4DA7-9D31-DC5E5C3B1DEC}"
EndProject
Project("{FAE04EC0-301F-11D3-BF4B-00C04F79EFBC}") = "BlockChainCore", "BlockChainCore\BlockChainCore.csproj", "{89A4DB7E-FBD4-4A5D-804C-381DF4EAA14D}"
EndProject
Global
	GlobalSection(SolutionConfigurationPlatforms) = preSolution
		Debug|Any CPU = Debug|Any CPU
		Release|Any CPU = Release|Any CPU
	EndGlobalSection
	GlobalSection(ProjectConfigurationPlatforms) = postSolution
		{5A292FC9-F924-4DA7-9D31-DC5E5C3B1DEC}.Debug|Any CPU.ActiveCfg = Debug|Any CPU
		{5A292FC9-F924-4DA7-9D31-DC5E5C3B1DEC}.Debug|Any CPU.Build.0 = Debug|Any CPU
		{5A292FC9-F924-4DA7-9D31-DC5E5C3B1DEC}.Release|Any CPU.ActiveCfg = Release|Any CPU
		{5A292FC9-F924-4DA7-9D31-DC5E5C3B1DEC}.Release|Any CPU.Build.0 = Release|Any CPU
		{89A4DB7E-FBD4-4A5D-804C-381DF4EAA14D}.Debug|Any CPU.ActiveCfg = Debug|Any CPU
		{89A4DB7E-FBD4-4A5D-804C-381DF4EAA14D}.Debug|Any CPU.Build.0 = Debug|Any CPU
		{89A4DB7E-FBD4-4A5D-804C-381DF4EAA14D}.Release|Any CPU.ActiveCfg = Release|Any CPU
		{89A4DB7E-FBD4-4A5D-804C-381DF4EAA14D}.Release|Any CPU.Build.0 = Release|Any CPU
	EndGlobalSection
	GlobalSection(SolutionProperties) = preSolution
		HideSolutionNode = FALSE
	EndGlobalSection
	GlobalSection(ExtensibilityGlobals) = postSolution
		SolutionGuid = {7EC43CC8-7CF5-4578-98D9-E1229152F5F8}
	EndGlobalSection
EndGlobal
